
Microsoft Visual Studio Solution File, Format Version 12.00
# Visual Studio Version 17
VisualStudioVersion = 17.4.33213.308
MinimumVisualStudioVersion = 10.0.40219.1
Project("{FAE04EC0-301F-11D3-BF4B-00C04F79EFBC}") = "BD1", "BD1\BD1.csproj", "{C5287FC1-BDA1-4225-A953-702B16C7AFC4}"
EndProject
Global
	GlobalSection(SolutionConfigurationPlatforms) = preSolution
		Debug|Any CPU = Debug|Any CPU
		Release|Any CPU = Release|Any CPU
	EndGlobalSection
	GlobalSection(ProjectConfigurationPlatforms) = postSolution
		{C5287FC1-BDA1-4225-A953-702B16C7AFC4}.Debug|Any CPU.ActiveCfg = Debug|Any CPU
		{C5287FC1-BDA1-4225-A953-702B16C7AFC4}.Debug|Any CPU.Build.0 = Debug|Any CPU
		{C5287FC1-BDA1-4225-A953-702B16C7AFC4}.Release|Any CPU.ActiveCfg = Release|Any CPU
		{C5287FC1-BDA1-4225-A953-702B16C7AFC4}.Release|Any CPU.Build.0 = Release|Any CPU
	EndGlobalSection
	GlobalSection(SolutionProperties) = preSolution
		HideSolutionNode = FALSE
	EndGlobalSection
	GlobalSection(ExtensibilityGlobals) = postSolution
		SolutionGuid = {1FF12D14-24BA-4FB3-A75B-E9F114690D6C}
	EndGlobalSection
EndGlobal
